{
    "version": 3,
    "terraform_version": "0.11.8",
    "serial": 2,
    "lineage": "325a4d55-2b86-df38-0e0b-a09e0d590830",
    "modules": [
        {
            "path": [
                "root"
            ],
            "outputs": {},
            "resources": {
                "aws_eip.fornat": {
                    "type": "aws_eip",
                    "depends_on": [],
                    "primary": {
                        "id": "eipalloc-024a20d9ad2fc5f3c",
                        "attributes": {
                            "association_id": "",
                            "domain": "vpc",
                            "id": "eipalloc-024a20d9ad2fc5f3c",
                            "instance": "",
                            "network_interface": "",
                            "private_ip": "",
                            "public_ip": "18.235.41.174",
                            "tags.%": "0",
                            "vpc": "true"
                        },
                        "meta": {
                            "e2bfb730-ecaa-11e6-8f88-34363bc7c4c0": {
                                "delete": 180000000000,
                                "read": 900000000000,
                                "update": 300000000000
                            }
                        },
                        "tainted": false
                    },
                    "deposed": [],
                    "provider": "provider.aws"
                },
                "aws_instance.app": {
                    "type": "aws_instance",
                    "depends_on": [
                        "aws_key_pair.mykeypair",
                        "aws_security_group.allow-ssh",
                        "aws_subnet.main-private-1",
                        "data.template_cloudinit_config.cloudinit-private"
                    ],
                    "primary": {
                        "id": "i-0dab7f15c98052e45",
                        "attributes": {
                            "ami": "ami-6871a115",
                            "arn": "arn:aws:ec2:us-east-1:428600689175:instance/i-0dab7f15c98052e45",
                            "associate_public_ip_address": "false",
                            "availability_zone": "us-east-1a",
                            "cpu_core_count": "1",
                            "cpu_threads_per_core": "1",
                            "credit_specification.#": "1",
                            "credit_specification.0.cpu_credits": "standard",
                            "disable_api_termination": "false",
                            "ebs_block_device.#": "0",
                            "ebs_optimized": "false",
                            "ephemeral_block_device.#": "0",
                            "get_password_data": "false",
                            "iam_instance_profile": "",
                            "id": "i-0dab7f15c98052e45",
                            "instance_state": "running",
                            "instance_type": "t2.micro",
                            "ipv6_addresses.#": "0",
                            "key_name": "mykeypair",
                            "monitoring": "false",
                            "network_interface.#": "0",
                            "network_interface_id": "eni-02a5ef102c9293a12",
                            "password_data": "",
                            "placement_group": "",
                            "primary_network_interface_id": "eni-02a5ef102c9293a12",
                            "private_dns": "ip-172-20-20-109.ec2.internal",
                            "private_ip": "172.20.20.109",
                            "public_dns": "",
                            "public_ip": "",
                            "root_block_device.#": "1",
                            "root_block_device.0.delete_on_termination": "true",
                            "root_block_device.0.iops": "100",
                            "root_block_device.0.volume_id": "vol-0bc0443d14ed0b783",
                            "root_block_device.0.volume_size": "10",
                            "root_block_device.0.volume_type": "gp2",
                            "security_groups.#": "0",
                            "source_dest_check": "true",
                            "subnet_id": "subnet-0b500900dd5082644",
                            "tags.%": "0",
                            "tenancy": "default",
                            "user_data": "e5ae6a7987694542ba08df04e10d897deb024c22",
                            "volume_tags.%": "0",
                            "vpc_security_group_ids.#": "1",
                            "vpc_security_group_ids.4160883890": "sg-0b0e31685d597001e"
                        },
                        "meta": {
                            "e2bfb730-ecaa-11e6-8f88-34363bc7c4c0": {
                                "create": 600000000000,
                                "delete": 1200000000000,
                                "update": 600000000000
                            },
                            "schema_version": "1"
                        },
                        "tainted": false
                    },
                    "deposed": [],
                    "provider": "provider.aws"
                },
                "aws_instance.appconf": {
                    "type": "aws_instance",
                    "depends_on": [
                        "aws_key_pair.mykeypair",
                        "aws_security_group.allow-ssh",
                        "aws_subnet.main-public-1",
                        "data.template_cloudinit_config.cloudinit-public"
                    ],
                    "primary": {
                        "id": "i-066f5de14d7612090",
                        "attributes": {
                            "ami": "ami-6871a115",
                            "arn": "arn:aws:ec2:us-east-1:428600689175:instance/i-066f5de14d7612090",
                            "associate_public_ip_address": "true",
                            "availability_zone": "us-east-1a",
                            "cpu_core_count": "1",
                            "cpu_threads_per_core": "1",
                            "credit_specification.#": "1",
                            "credit_specification.0.cpu_credits": "standard",
                            "disable_api_termination": "false",
                            "ebs_block_device.#": "0",
                            "ebs_optimized": "false",
                            "ephemeral_block_device.#": "0",
                            "get_password_data": "false",
                            "iam_instance_profile": "",
                            "id": "i-066f5de14d7612090",
                            "instance_state": "running",
                            "instance_type": "t2.micro",
                            "ipv6_addresses.#": "0",
                            "key_name": "mykeypair",
                            "monitoring": "false",
                            "network_interface.#": "0",
                            "network_interface_id": "eni-099c405a54f454bde",
                            "password_data": "",
                            "placement_group": "",
                            "primary_network_interface_id": "eni-099c405a54f454bde",
                            "private_dns": "ip-172-20-10-123.ec2.internal",
                            "private_ip": "172.20.10.123",
                            "public_dns": "ec2-54-165-229-191.compute-1.amazonaws.com",
                            "public_ip": "54.165.229.191",
                            "root_block_device.#": "1",
                            "root_block_device.0.delete_on_termination": "true",
                            "root_block_device.0.iops": "100",
                            "root_block_device.0.volume_id": "vol-096176c4f7701a258",
                            "root_block_device.0.volume_size": "10",
                            "root_block_device.0.volume_type": "gp2",
                            "security_groups.#": "0",
                            "source_dest_check": "true",
                            "subnet_id": "subnet-0124ae2f76560a2c2",
                            "tags.%": "0",
                            "tenancy": "default",
                            "user_data": "97cc8f269eb40bd49fb324473beda84c539d026d",
                            "volume_tags.%": "0",
                            "vpc_security_group_ids.#": "1",
                            "vpc_security_group_ids.4160883890": "sg-0b0e31685d597001e"
                        },
                        "meta": {
                            "e2bfb730-ecaa-11e6-8f88-34363bc7c4c0": {
                                "create": 600000000000,
                                "delete": 1200000000000,
                                "update": 600000000000
                            },
                            "schema_version": "1"
                        },
                        "tainted": false
                    },
                    "deposed": [],
                    "provider": "provider.aws"
                },
                "aws_internet_gateway.main-gw": {
                    "type": "aws_internet_gateway",
                    "depends_on": [
                        "aws_vpc.main"
                    ],
                    "primary": {
                        "id": "igw-0c2ce33969227fdca",
                        "attributes": {
                            "id": "igw-0c2ce33969227fdca",
                            "tags.%": "1",
                            "tags.Name": "main",
                            "vpc_id": "vpc-046ea9d23f51e257d"
                        },
                        "meta": {},
                        "tainted": false
                    },
                    "deposed": [],
                    "provider": "provider.aws"
                },
                "aws_key_pair.mykeypair": {
                    "type": "aws_key_pair",
                    "depends_on": [],
                    "primary": {
                        "id": "mykeypair",
                        "attributes": {
                            "fingerprint": "c2:73:73:e2:47:c6:de:ec:41:84:a4:b5:1c:78:ce:50",
                            "id": "mykeypair",
                            "key_name": "mykeypair",
                            "public_key": "ssh-rsa AAAAB3NzaC1yc2EAAAADAQABAAABAQCwocW7yN9vKQIzNzmaayaH6Bti3vbnBGiQiqfBzOVVZu3Ia8imzpBQmN1fmDlJuDOGK0uFDxExrdUG3Z1N3wBVfG13vJPc5a5htg7ktMW+XRMwaubc70WzFe4CejSQCwWG7P5MoAlCTZS9x9SEZ1X2uMQemjQ/Qwzh9VZ76bZXlkzVkqDA+Sx1yQWRl/VAOG3KWRhcoju5QAt8KIdVgxXLd4OWJpcFG6RdDxX0lSYdf9/sD2NHMMqXT7ODRAgG7RL7qGlADCjVE2BtndDPz/lMD/bzNhLyl35jn/PD2HwaQ1Qf6A1qC/AMDykr7p2DAbGd2VfCetyt/W8wr8ir0obb root@ip-172-31-82-249.ec2.internal"
                        },
                        "meta": {
                            "schema_version": "1"
                        },
                        "tainted": false
                    },
                    "deposed": [],
                    "provider": "provider.aws"
                },
                "aws_nat_gateway.nat-gw": {
                    "type": "aws_nat_gateway",
                    "depends_on": [
                        "aws_eip.fornat",
                        "aws_internet_gateway.main-gw",
                        "aws_subnet.main-public-1"
                    ],
                    "primary": {
                        "id": "nat-04f2c3295dcf8afef",
                        "attributes": {
                            "allocation_id": "eipalloc-024a20d9ad2fc5f3c",
                            "id": "nat-04f2c3295dcf8afef",
                            "network_interface_id": "eni-0c40058cdb4904f47",
                            "private_ip": "172.20.10.221",
                            "public_ip": "18.235.41.174",
                            "subnet_id": "subnet-0124ae2f76560a2c2",
                            "tags.%": "1",
                            "tags.Name": "gw_NAT"
                        },
                        "meta": {},
                        "tainted": false
                    },
                    "deposed": [],
                    "provider": "provider.aws"
                },
                "aws_route_table.main-private": {
                    "type": "aws_route_table",
                    "depends_on": [
                        "aws_nat_gateway.nat-gw",
                        "aws_vpc.main"
                    ],
                    "primary": {
                        "id": "rtb-0fcfa6b1f1d443a7e",
                        "attributes": {
                            "id": "rtb-0fcfa6b1f1d443a7e",
                            "propagating_vgws.#": "0",
                            "route.#": "1",
                            "route.3243147887.cidr_block": "0.0.0.0/0",
                            "route.3243147887.egress_only_gateway_id": "",
                            "route.3243147887.gateway_id": "",
                            "route.3243147887.instance_id": "",
                            "route.3243147887.ipv6_cidr_block": "",
                            "route.3243147887.nat_gateway_id": "nat-04f2c3295dcf8afef",
                            "route.3243147887.network_interface_id": "",
                            "route.3243147887.vpc_peering_connection_id": "",
                            "tags.%": "1",
                            "tags.Name": "main-private-1",
                            "vpc_id": "vpc-046ea9d23f51e257d"
                        },
                        "meta": {},
                        "tainted": false
                    },
                    "deposed": [],
                    "provider": "provider.aws"
                },
                "aws_route_table.main-public": {
                    "type": "aws_route_table",
                    "depends_on": [
                        "aws_internet_gateway.main-gw",
                        "aws_vpc.main"
                    ],
                    "primary": {
                        "id": "rtb-003bb3fd7027e6bea",
                        "attributes": {
                            "id": "rtb-003bb3fd7027e6bea",
                            "propagating_vgws.#": "0",
                            "route.#": "1",
                            "route.1419532797.cidr_block": "0.0.0.0/0",
                            "route.1419532797.egress_only_gateway_id": "",
                            "route.1419532797.gateway_id": "igw-0c2ce33969227fdca",
                            "route.1419532797.instance_id": "",
                            "route.1419532797.ipv6_cidr_block": "",
                            "route.1419532797.nat_gateway_id": "",
                            "route.1419532797.network_interface_id": "",
                            "route.1419532797.vpc_peering_connection_id": "",
                            "tags.%": "1",
                            "tags.Name": "main-public-1",
                            "vpc_id": "vpc-046ea9d23f51e257d"
                        },
                        "meta": {},
                        "tainted": false
                    },
                    "deposed": [],
                    "provider": "provider.aws"
                },
                "aws_route_table_association.main-private-1-a": {
                    "type": "aws_route_table_association",
                    "depends_on": [
                        "aws_route_table.main-private",
                        "aws_subnet.main-private-1"
                    ],
                    "primary": {
                        "id": "rtbassoc-0259132dea84a0da5",
                        "attributes": {
                            "id": "rtbassoc-0259132dea84a0da5",
                            "route_table_id": "rtb-0fcfa6b1f1d443a7e",
                            "subnet_id": "subnet-0b500900dd5082644"
                        },
                        "meta": {},
                        "tainted": false
                    },
                    "deposed": [],
                    "provider": "provider.aws"
                },
                "aws_route_table_association.main-public-1-a": {
                    "type": "aws_route_table_association",
                    "depends_on": [
                        "aws_route_table.main-public",
                        "aws_subnet.main-public-1"
                    ],
                    "primary": {
                        "id": "rtbassoc-0a0b2d81a7313605f",
                        "attributes": {
                            "id": "rtbassoc-0a0b2d81a7313605f",
                            "route_table_id": "rtb-003bb3fd7027e6bea",
                            "subnet_id": "subnet-0124ae2f76560a2c2"
                        },
                        "meta": {},
                        "tainted": false
                    },
                    "deposed": [],
                    "provider": "provider.aws"
                },
                "aws_security_group.allow-ssh": {
                    "type": "aws_security_group",
                    "depends_on": [
                        "aws_vpc.main"
                    ],
                    "primary": {
                        "id": "sg-0b0e31685d597001e",
                        "attributes": {
                            "arn": "arn:aws:ec2:us-east-1:428600689175:security-group/sg-0b0e31685d597001e",
                            "description": "security group that allows ssh and all egress traffic",
                            "egress.#": "1",
                            "egress.482069346.cidr_blocks.#": "1",
                            "egress.482069346.cidr_blocks.0": "0.0.0.0/0",
                            "egress.482069346.description": "",
                            "egress.482069346.from_port": "0",
                            "egress.482069346.ipv6_cidr_blocks.#": "0",
                            "egress.482069346.prefix_list_ids.#": "0",
                            "egress.482069346.protocol": "-1",
                            "egress.482069346.security_groups.#": "0",
                            "egress.482069346.self": "false",
                            "egress.482069346.to_port": "0",
                            "id": "sg-0b0e31685d597001e",
                            "ingress.#": "1",
                            "ingress.2541437006.cidr_blocks.#": "1",
                            "ingress.2541437006.cidr_blocks.0": "0.0.0.0/0",
                            "ingress.2541437006.description": "",
                            "ingress.2541437006.from_port": "22",
                            "ingress.2541437006.ipv6_cidr_blocks.#": "0",
                            "ingress.2541437006.prefix_list_ids.#": "0",
                            "ingress.2541437006.protocol": "tcp",
                            "ingress.2541437006.security_groups.#": "0",
                            "ingress.2541437006.self": "false",
                            "ingress.2541437006.to_port": "22",
                            "name": "allow-ssh",
                            "owner_id": "428600689175",
                            "revoke_rules_on_delete": "false",
                            "tags.%": "1",
                            "tags.Name": "allow-ssh",
                            "vpc_id": "vpc-046ea9d23f51e257d"
                        },
                        "meta": {
                            "e2bfb730-ecaa-11e6-8f88-34363bc7c4c0": {
                                "create": 600000000000,
                                "delete": 600000000000
                            },
                            "schema_version": "1"
                        },
                        "tainted": false
                    },
                    "deposed": [],
                    "provider": "provider.aws"
                },
                "aws_subnet.main-private-1": {
                    "type": "aws_subnet",
                    "depends_on": [
                        "aws_vpc.main"
                    ],
                    "primary": {
                        "id": "subnet-0b500900dd5082644",
                        "attributes": {
                            "arn": "arn:aws:ec2:us-east-1:428600689175:subnet/subnet-0b500900dd5082644",
                            "assign_ipv6_address_on_creation": "false",
                            "availability_zone": "us-east-1a",
                            "cidr_block": "172.20.20.0/24",
                            "id": "subnet-0b500900dd5082644",
                            "map_public_ip_on_launch": "false",
                            "tags.%": "1",
                            "tags.Name": "main-private-1",
                            "vpc_id": "vpc-046ea9d23f51e257d"
                        },
                        "meta": {
                            "e2bfb730-ecaa-11e6-8f88-34363bc7c4c0": {
                                "create": 600000000000,
                                "delete": 600000000000
                            },
                            "schema_version": "1"
                        },
                        "tainted": false
                    },
                    "deposed": [],
                    "provider": "provider.aws"
                },
                "aws_subnet.main-public-1": {
                    "type": "aws_subnet",
                    "depends_on": [
                        "aws_vpc.main"
                    ],
                    "primary": {
                        "id": "subnet-0124ae2f76560a2c2",
                        "attributes": {
                            "arn": "arn:aws:ec2:us-east-1:428600689175:subnet/subnet-0124ae2f76560a2c2",
                            "assign_ipv6_address_on_creation": "false",
                            "availability_zone": "us-east-1a",
                            "cidr_block": "172.20.10.0/24",
                            "id": "subnet-0124ae2f76560a2c2",
                            "map_public_ip_on_launch": "true",
                            "tags.%": "1",
                            "tags.Name": "main-public-1",
                            "vpc_id": "vpc-046ea9d23f51e257d"
                        },
                        "meta": {
                            "e2bfb730-ecaa-11e6-8f88-34363bc7c4c0": {
                                "create": 600000000000,
                                "delete": 600000000000
                            },
                            "schema_version": "1"
                        },
                        "tainted": false
                    },
                    "deposed": [],
                    "provider": "provider.aws"
                },
                "aws_vpc.main": {
                    "type": "aws_vpc",
                    "depends_on": [],
                    "primary": {
                        "id": "vpc-046ea9d23f51e257d",
                        "attributes": {
                            "arn": "arn:aws:ec2:us-east-1:428600689175:vpc/vpc-046ea9d23f51e257d",
                            "assign_generated_ipv6_cidr_block": "false",
                            "cidr_block": "172.20.0.0/16",
                            "default_network_acl_id": "acl-0ca794b295e84677c",
                            "default_route_table_id": "rtb-088415099dc1ae922",
                            "default_security_group_id": "sg-0759ed1d99345e27b",
                            "dhcp_options_id": "dopt-968721ed",
                            "enable_classiclink": "false",
                            "enable_classiclink_dns_support": "false",
                            "enable_dns_hostnames": "true",
                            "enable_dns_support": "true",
                            "id": "vpc-046ea9d23f51e257d",
                            "instance_tenancy": "default",
                            "main_route_table_id": "rtb-088415099dc1ae922",
                            "tags.%": "1",
                            "tags.Name": "main"
                        },
                        "meta": {
                            "schema_version": "1"
                        },
                        "tainted": false
                    },
                    "deposed": [],
                    "provider": "provider.aws"
                },
                "data.template_cloudinit_config.cloudinit-private": {
                    "type": "template_cloudinit_config",
                    "depends_on": [
                        "data.template_file.init-script",
                        "data.template_file.shell-script-prv"
                    ],
                    "primary": {
                        "id": "1867411486",
                        "attributes": {
                            "base64_encode": "false",
                            "gzip": "false",
                            "id": "1867411486",
                            "part.#": "2",
                            "part.0.content": "#cloud-config\nrepo_update: true\nrepo_upgrade: all\n",
                            "part.0.content_type": "text/cloud-config",
                            "part.0.filename": "init.cfg",
                            "part.0.merge_type": "",
                            "part.1.content": "#!/bin/bash\n\nsudo yum -y install https://dl.fedoraproject.org/pub/epel/epel-release-latest-7.noarch.rpm\nsudo yum -y update\n\nsudo yum -y install java-1.8.0-openjdk.x86_64 wget firewalld\n\n#Installing Tomcat 8\ncd /opt\nsudo wget http://mirrors.fibergrid.in/apache/tomcat/tomcat-8/v8.5.34/bin/apache-tomcat-8.5.34.tar.gz\nsudo tar xvfz apache-tomcat-8.5.34.tar.gz\ncd /opt/apache-tomcat-8.5.34/bin\n\nsudo chmod +x *\nsudo ./startup.sh\n",
                            "part.1.content_type": "text/x-shellscript",
                            "part.1.filename": "",
                            "part.1.merge_type": "",
                            "rendered": "Content-Type: multipart/mixed; boundary=\"MIMEBOUNDARY\"\nMIME-Version: 1.0\r\n\r\n--MIMEBOUNDARY\r\nContent-Disposition: attachment; filename=\"init.cfg\"\r\nContent-Transfer-Encoding: 7bit\r\nContent-Type: text/cloud-config\r\nMime-Version: 1.0\r\n\r\n#cloud-config\nrepo_update: true\nrepo_upgrade: all\n\r\n--MIMEBOUNDARY\r\nContent-Transfer-Encoding: 7bit\r\nContent-Type: text/x-shellscript\r\nMime-Version: 1.0\r\n\r\n#!/bin/bash\n\nsudo yum -y install https://dl.fedoraproject.org/pub/epel/epel-release-latest-7.noarch.rpm\nsudo yum -y update\n\nsudo yum -y install java-1.8.0-openjdk.x86_64 wget firewalld\n\n#Installing Tomcat 8\ncd /opt\nsudo wget http://mirrors.fibergrid.in/apache/tomcat/tomcat-8/v8.5.34/bin/apache-tomcat-8.5.34.tar.gz\nsudo tar xvfz apache-tomcat-8.5.34.tar.gz\ncd /opt/apache-tomcat-8.5.34/bin\n\nsudo chmod +x *\nsudo ./startup.sh\n\r\n--MIMEBOUNDARY--\r\n"
                        },
                        "meta": {},
                        "tainted": false
                    },
                    "deposed": [],
                    "provider": "provider.template"
                },
                "data.template_cloudinit_config.cloudinit-public": {
                    "type": "template_cloudinit_config",
                    "depends_on": [
                        "data.template_file.init-script",
                        "data.template_file.shell-script-pub"
                    ],
                    "primary": {
                        "id": "2817767104",
                        "attributes": {
                            "base64_encode": "false",
                            "gzip": "false",
                            "id": "2817767104",
                            "part.#": "2",
                            "part.0.content": "#cloud-config\nrepo_update: true\nrepo_upgrade: all\n",
                            "part.0.content_type": "text/cloud-config",
                            "part.0.filename": "init.cfg",
                            "part.0.merge_type": "",
                            "part.1.content": "#!/bin/bash\n\n\nsudo yum -y install  https://dl.fedoraproject.org/pub/epel/epel-release-latest-7.noarch.rpm\nsudo yum -y update\n\n#Installation Jenkins\n\nsudo yum -y install java-1.8.0-openjdk.x86_64 wget firewalld\n\nsudo wget -O /etc/yum.repos.d/jenkins.repo http://pkg.jenkins-ci.org/redhat-stable/jenkins.repo\nsudo rpm --import https://pkg.jenkins.io/redhat-stable/jenkins.io.key\nsudo yum -y install jenkins\n\nsudo systemctl start firewalld\nsudo firewall-cmd --permanent --add-port=8080/tcp\nsudo firewall-cmd --permanent --add-port=80/tcp\nsudo firewall-cmd --reload\nsudo systemctl start jenkins\nsudo systemctl enable jenkins\n\n# Install Ansible\nsudo yum -y install ansible\n",
                            "part.1.content_type": "text/x-shellscript",
                            "part.1.filename": "",
                            "part.1.merge_type": "",
                            "rendered": "Content-Type: multipart/mixed; boundary=\"MIMEBOUNDARY\"\nMIME-Version: 1.0\r\n\r\n--MIMEBOUNDARY\r\nContent-Disposition: attachment; filename=\"init.cfg\"\r\nContent-Transfer-Encoding: 7bit\r\nContent-Type: text/cloud-config\r\nMime-Version: 1.0\r\n\r\n#cloud-config\nrepo_update: true\nrepo_upgrade: all\n\r\n--MIMEBOUNDARY\r\nContent-Transfer-Encoding: 7bit\r\nContent-Type: text/x-shellscript\r\nMime-Version: 1.0\r\n\r\n#!/bin/bash\n\n\nsudo yum -y install  https://dl.fedoraproject.org/pub/epel/epel-release-latest-7.noarch.rpm\nsudo yum -y update\n\n#Installation Jenkins\n\nsudo yum -y install java-1.8.0-openjdk.x86_64 wget firewalld\n\nsudo wget -O /etc/yum.repos.d/jenkins.repo http://pkg.jenkins-ci.org/redhat-stable/jenkins.repo\nsudo rpm --import https://pkg.jenkins.io/redhat-stable/jenkins.io.key\nsudo yum -y install jenkins\n\nsudo systemctl start firewalld\nsudo firewall-cmd --permanent --add-port=8080/tcp\nsudo firewall-cmd --permanent --add-port=80/tcp\nsudo firewall-cmd --reload\nsudo systemctl start jenkins\nsudo systemctl enable jenkins\n\n# Install Ansible\nsudo yum -y install ansible\n\r\n--MIMEBOUNDARY--\r\n"
                        },
                        "meta": {},
                        "tainted": false
                    },
                    "deposed": [],
                    "provider": "provider.template"
                },
                "data.template_file.init-script": {
                    "type": "template_file",
                    "depends_on": [],
                    "primary": {
                        "id": "da5ce2b8e7c2c6ab3bf5ccc507e7104f926ed5aa88deca4276c8e6f4c50e900f",
                        "attributes": {
                            "id": "da5ce2b8e7c2c6ab3bf5ccc507e7104f926ed5aa88deca4276c8e6f4c50e900f",
                            "rendered": "#cloud-config\nrepo_update: true\nrepo_upgrade: all\n",
                            "template": "#cloud-config\nrepo_update: true\nrepo_upgrade: all\n",
                            "vars.%": "1",
                            "vars.REGION": "us-east-1"
                        },
                        "meta": {},
                        "tainted": false
                    },
                    "deposed": [],
                    "provider": "provider.template"
                },
                "data.template_file.shell-script-prv": {
                    "type": "template_file",
                    "depends_on": [],
                    "primary": {
                        "id": "e30ab1ad665c6ae8fc6a9941a3938b7ce6d2275d64d991ebeb1c02b43c5d1f7b",
                        "attributes": {
                            "id": "e30ab1ad665c6ae8fc6a9941a3938b7ce6d2275d64d991ebeb1c02b43c5d1f7b",
                            "rendered": "#!/bin/bash\n\nsudo yum -y install https://dl.fedoraproject.org/pub/epel/epel-release-latest-7.noarch.rpm\nsudo yum -y update\n\nsudo yum -y install java-1.8.0-openjdk.x86_64 wget firewalld\n\n#Installing Tomcat 8\ncd /opt\nsudo wget http://mirrors.fibergrid.in/apache/tomcat/tomcat-8/v8.5.34/bin/apache-tomcat-8.5.34.tar.gz\nsudo tar xvfz apache-tomcat-8.5.34.tar.gz\ncd /opt/apache-tomcat-8.5.34/bin\n\nsudo chmod +x *\nsudo ./startup.sh\n",
                            "template": "#!/bin/bash\n\nsudo yum -y install https://dl.fedoraproject.org/pub/epel/epel-release-latest-7.noarch.rpm\nsudo yum -y update\n\nsudo yum -y install java-1.8.0-openjdk.x86_64 wget firewalld\n\n#Installing Tomcat 8\ncd /opt\nsudo wget http://mirrors.fibergrid.in/apache/tomcat/tomcat-8/v8.5.34/bin/apache-tomcat-8.5.34.tar.gz\nsudo tar xvfz apache-tomcat-8.5.34.tar.gz\ncd /opt/apache-tomcat-8.5.34/bin\n\nsudo chmod +x *\nsudo ./startup.sh\n"
                        },
                        "meta": {},
                        "tainted": false
                    },
                    "deposed": [],
                    "provider": "provider.template"
                },
                "data.template_file.shell-script-pub": {
                    "type": "template_file",
                    "depends_on": [],
                    "primary": {
                        "id": "55274fa3966126cb41c14a934a747634539b014eeb11abc2ed6459b41436e6a2",
                        "attributes": {
                            "id": "55274fa3966126cb41c14a934a747634539b014eeb11abc2ed6459b41436e6a2",
                            "rendered": "#!/bin/bash\n\n\nsudo yum -y install  https://dl.fedoraproject.org/pub/epel/epel-release-latest-7.noarch.rpm\nsudo yum -y update\n\n#Installation Jenkins\n\nsudo yum -y install java-1.8.0-openjdk.x86_64 wget firewalld\n\nsudo wget -O /etc/yum.repos.d/jenkins.repo http://pkg.jenkins-ci.org/redhat-stable/jenkins.repo\nsudo rpm --import https://pkg.jenkins.io/redhat-stable/jenkins.io.key\nsudo yum -y install jenkins\n\nsudo systemctl start firewalld\nsudo firewall-cmd --permanent --add-port=8080/tcp\nsudo firewall-cmd --permanent --add-port=80/tcp\nsudo firewall-cmd --reload\nsudo systemctl start jenkins\nsudo systemctl enable jenkins\n\n# Install Ansible\nsudo yum -y install ansible\n",
                            "template": "#!/bin/bash\n\n\nsudo yum -y install  https://dl.fedoraproject.org/pub/epel/epel-release-latest-7.noarch.rpm\nsudo yum -y update\n\n#Installation Jenkins\n\nsudo yum -y install java-1.8.0-openjdk.x86_64 wget firewalld\n\nsudo wget -O /etc/yum.repos.d/jenkins.repo http://pkg.jenkins-ci.org/redhat-stable/jenkins.repo\nsudo rpm --import https://pkg.jenkins.io/redhat-stable/jenkins.io.key\nsudo yum -y install jenkins\n\nsudo systemctl start firewalld\nsudo firewall-cmd --permanent --add-port=8080/tcp\nsudo firewall-cmd --permanent --add-port=80/tcp\nsudo firewall-cmd --reload\nsudo systemctl start jenkins\nsudo systemctl enable jenkins\n\n# Install Ansible\nsudo yum -y install ansible\n"
                        },
                        "meta": {},
                        "tainted": false
                    },
                    "deposed": [],
                    "provider": "provider.template"
                }
            },
            "depends_on": []
        }
    ]
}
