{
    "version": 3,
    "terraform_version": "0.11.8",
    "serial": 5,
    "lineage": "17bfb76c-9696-be48-61f4-8ed422631df6",
    "modules": [
        {
            "path": [
                "root"
            ],
            "outputs": {},
            "resources": {
                "aws_eip.fornat": {
                    "type": "aws_eip",
                    "depends_on": [],
                    "primary": {
                        "id": "eipalloc-0fbcada7ed791fd75",
                        "attributes": {
                            "association_id": "",
                            "domain": "vpc",
                            "id": "eipalloc-0fbcada7ed791fd75",
                            "instance": "",
                            "network_interface": "",
                            "private_ip": "",
                            "public_ip": "54.156.144.241",
                            "tags.%": "0",
                            "vpc": "true"
                        },
                        "meta": {
                            "e2bfb730-ecaa-11e6-8f88-34363bc7c4c0": {
                                "delete": 180000000000,
                                "read": 900000000000,
                                "update": 300000000000
                            }
                        },
                        "tainted": false
                    },
                    "deposed": [],
                    "provider": "provider.aws"
                },
                "aws_instance.app": {
                    "type": "aws_instance",
                    "depends_on": [
                        "aws_key_pair.mykeypair",
                        "aws_security_group.allow-ssh",
                        "aws_subnet.main-private-1",
                        "data.template_cloudinit_config.cloudinit-private"
                    ],
                    "primary": {
                        "id": "i-084addd3a8e3b0c54",
                        "attributes": {
                            "ami": "ami-6871a115",
                            "arn": "arn:aws:ec2:us-east-1:428600689175:instance/i-084addd3a8e3b0c54",
                            "associate_public_ip_address": "false",
                            "availability_zone": "us-east-1a",
                            "cpu_core_count": "1",
                            "cpu_threads_per_core": "1",
                            "credit_specification.#": "1",
                            "credit_specification.0.cpu_credits": "standard",
                            "disable_api_termination": "false",
                            "ebs_block_device.#": "0",
                            "ebs_optimized": "false",
                            "ephemeral_block_device.#": "0",
                            "get_password_data": "false",
                            "iam_instance_profile": "",
                            "id": "i-084addd3a8e3b0c54",
                            "instance_state": "running",
                            "instance_type": "t2.micro",
                            "ipv6_addresses.#": "0",
                            "key_name": "mykeypair",
                            "monitoring": "false",
                            "network_interface.#": "0",
                            "network_interface_id": "eni-0a83bcb8aca775ffc",
                            "password_data": "",
                            "placement_group": "",
                            "primary_network_interface_id": "eni-0a83bcb8aca775ffc",
                            "private_dns": "ip-172-20-20-62.ec2.internal",
                            "private_ip": "172.20.20.62",
                            "public_dns": "",
                            "public_ip": "",
                            "root_block_device.#": "1",
                            "root_block_device.0.delete_on_termination": "true",
                            "root_block_device.0.iops": "100",
                            "root_block_device.0.volume_id": "vol-083d6c4aea782936d",
                            "root_block_device.0.volume_size": "10",
                            "root_block_device.0.volume_type": "gp2",
                            "security_groups.#": "0",
                            "source_dest_check": "true",
                            "subnet_id": "subnet-0523880f405e2d39c",
                            "tags.%": "0",
                            "tenancy": "default",
                            "user_data": "ea981719629df959ad39e06fa5d0f69ee9fa7b30",
                            "volume_tags.%": "0",
                            "vpc_security_group_ids.#": "1",
                            "vpc_security_group_ids.424995237": "sg-03112f8eed9e22fa2"
                        },
                        "meta": {
                            "e2bfb730-ecaa-11e6-8f88-34363bc7c4c0": {
                                "create": 600000000000,
                                "delete": 1200000000000,
                                "update": 600000000000
                            },
                            "schema_version": "1"
                        },
                        "tainted": false
                    },
                    "deposed": [],
                    "provider": "provider.aws"
                },
                "aws_instance.appconf": {
                    "type": "aws_instance",
                    "depends_on": [
                        "aws_key_pair.mykeypair",
                        "aws_security_group.allow-ssh",
                        "aws_subnet.main-public-1",
                        "data.template_cloudinit_config.cloudinit-public"
                    ],
                    "primary": {
                        "id": "i-0f2375e19adfbd113",
                        "attributes": {
                            "ami": "ami-6871a115",
                            "arn": "arn:aws:ec2:us-east-1:428600689175:instance/i-0f2375e19adfbd113",
                            "associate_public_ip_address": "true",
                            "availability_zone": "us-east-1a",
                            "cpu_core_count": "1",
                            "cpu_threads_per_core": "1",
                            "credit_specification.#": "1",
                            "credit_specification.0.cpu_credits": "standard",
                            "disable_api_termination": "false",
                            "ebs_block_device.#": "0",
                            "ebs_optimized": "false",
                            "ephemeral_block_device.#": "0",
                            "get_password_data": "false",
                            "iam_instance_profile": "",
                            "id": "i-0f2375e19adfbd113",
                            "instance_state": "running",
                            "instance_type": "t2.micro",
                            "ipv6_addresses.#": "0",
                            "key_name": "mykeypair",
                            "monitoring": "false",
                            "network_interface.#": "0",
                            "network_interface_id": "eni-0ac603a9ed6432429",
                            "password_data": "",
                            "placement_group": "",
                            "primary_network_interface_id": "eni-0ac603a9ed6432429",
                            "private_dns": "ip-172-20-10-220.ec2.internal",
                            "private_ip": "172.20.10.220",
                            "public_dns": "ec2-54-147-79-102.compute-1.amazonaws.com",
                            "public_ip": "54.147.79.102",
                            "root_block_device.#": "1",
                            "root_block_device.0.delete_on_termination": "true",
                            "root_block_device.0.iops": "100",
                            "root_block_device.0.volume_id": "vol-0c94068014753537e",
                            "root_block_device.0.volume_size": "10",
                            "root_block_device.0.volume_type": "gp2",
                            "security_groups.#": "0",
                            "source_dest_check": "true",
                            "subnet_id": "subnet-02273ff52b97fb45d",
                            "tags.%": "0",
                            "tenancy": "default",
                            "user_data": "f7c6ccb25ca051d8a4a3d3a8c0c8bc71f6d0eb4f",
                            "volume_tags.%": "0",
                            "vpc_security_group_ids.#": "1",
                            "vpc_security_group_ids.424995237": "sg-03112f8eed9e22fa2"
                        },
                        "meta": {
                            "e2bfb730-ecaa-11e6-8f88-34363bc7c4c0": {
                                "create": 600000000000,
                                "delete": 1200000000000,
                                "update": 600000000000
                            },
                            "schema_version": "1"
                        },
                        "tainted": false
                    },
                    "deposed": [],
                    "provider": "provider.aws"
                },
                "aws_internet_gateway.main-gw": {
                    "type": "aws_internet_gateway",
                    "depends_on": [
                        "aws_vpc.main"
                    ],
                    "primary": {
                        "id": "igw-03e2e4fe4cf14596e",
                        "attributes": {
                            "id": "igw-03e2e4fe4cf14596e",
                            "tags.%": "1",
                            "tags.Name": "main",
                            "vpc_id": "vpc-09e8d5e2e3cb81083"
                        },
                        "meta": {},
                        "tainted": false
                    },
                    "deposed": [],
                    "provider": "provider.aws"
                },
                "aws_key_pair.mykeypair": {
                    "type": "aws_key_pair",
                    "depends_on": [],
                    "primary": {
                        "id": "mykeypair",
                        "attributes": {
                            "fingerprint": "c2:73:73:e2:47:c6:de:ec:41:84:a4:b5:1c:78:ce:50",
                            "id": "mykeypair",
                            "key_name": "mykeypair",
                            "public_key": "ssh-rsa AAAAB3NzaC1yc2EAAAADAQABAAABAQCwocW7yN9vKQIzNzmaayaH6Bti3vbnBGiQiqfBzOVVZu3Ia8imzpBQmN1fmDlJuDOGK0uFDxExrdUG3Z1N3wBVfG13vJPc5a5htg7ktMW+XRMwaubc70WzFe4CejSQCwWG7P5MoAlCTZS9x9SEZ1X2uMQemjQ/Qwzh9VZ76bZXlkzVkqDA+Sx1yQWRl/VAOG3KWRhcoju5QAt8KIdVgxXLd4OWJpcFG6RdDxX0lSYdf9/sD2NHMMqXT7ODRAgG7RL7qGlADCjVE2BtndDPz/lMD/bzNhLyl35jn/PD2HwaQ1Qf6A1qC/AMDykr7p2DAbGd2VfCetyt/W8wr8ir0obb root@ip-172-31-82-249.ec2.internal"
                        },
                        "meta": {
                            "schema_version": "1"
                        },
                        "tainted": false
                    },
                    "deposed": [],
                    "provider": "provider.aws"
                },
                "aws_nat_gateway.nat-gw": {
                    "type": "aws_nat_gateway",
                    "depends_on": [
                        "aws_eip.fornat",
                        "aws_internet_gateway.main-gw",
                        "aws_subnet.main-public-1"
                    ],
                    "primary": {
                        "id": "nat-0d2e00c7483529739",
                        "attributes": {
                            "allocation_id": "eipalloc-0fbcada7ed791fd75",
                            "id": "nat-0d2e00c7483529739",
                            "network_interface_id": "eni-0e48cbb840edf6561",
                            "private_ip": "172.20.10.81",
                            "public_ip": "54.156.144.241",
                            "subnet_id": "subnet-02273ff52b97fb45d",
                            "tags.%": "1",
                            "tags.Name": "gw_NAT"
                        },
                        "meta": {},
                        "tainted": false
                    },
                    "deposed": [],
                    "provider": "provider.aws"
                },
                "aws_route_table.main-private": {
                    "type": "aws_route_table",
                    "depends_on": [
                        "aws_nat_gateway.nat-gw",
                        "aws_vpc.main"
                    ],
                    "primary": {
                        "id": "rtb-08aacc30a5eda11dd",
                        "attributes": {
                            "id": "rtb-08aacc30a5eda11dd",
                            "propagating_vgws.#": "0",
                            "route.#": "1",
                            "route.2748752871.cidr_block": "0.0.0.0/0",
                            "route.2748752871.egress_only_gateway_id": "",
                            "route.2748752871.gateway_id": "",
                            "route.2748752871.instance_id": "",
                            "route.2748752871.ipv6_cidr_block": "",
                            "route.2748752871.nat_gateway_id": "nat-0d2e00c7483529739",
                            "route.2748752871.network_interface_id": "",
                            "route.2748752871.vpc_peering_connection_id": "",
                            "tags.%": "1",
                            "tags.Name": "main-private-1",
                            "vpc_id": "vpc-09e8d5e2e3cb81083"
                        },
                        "meta": {},
                        "tainted": false
                    },
                    "deposed": [],
                    "provider": "provider.aws"
                },
                "aws_route_table.main-public": {
                    "type": "aws_route_table",
                    "depends_on": [
                        "aws_internet_gateway.main-gw",
                        "aws_vpc.main"
                    ],
                    "primary": {
                        "id": "rtb-0a8b0facc42d6e375",
                        "attributes": {
                            "id": "rtb-0a8b0facc42d6e375",
                            "propagating_vgws.#": "0",
                            "route.#": "1",
                            "route.590402524.cidr_block": "0.0.0.0/0",
                            "route.590402524.egress_only_gateway_id": "",
                            "route.590402524.gateway_id": "igw-03e2e4fe4cf14596e",
                            "route.590402524.instance_id": "",
                            "route.590402524.ipv6_cidr_block": "",
                            "route.590402524.nat_gateway_id": "",
                            "route.590402524.network_interface_id": "",
                            "route.590402524.vpc_peering_connection_id": "",
                            "tags.%": "1",
                            "tags.Name": "main-public-1",
                            "vpc_id": "vpc-09e8d5e2e3cb81083"
                        },
                        "meta": {},
                        "tainted": false
                    },
                    "deposed": [],
                    "provider": "provider.aws"
                },
                "aws_route_table_association.main-private-1-a": {
                    "type": "aws_route_table_association",
                    "depends_on": [
                        "aws_route_table.main-private",
                        "aws_subnet.main-private-1"
                    ],
                    "primary": {
                        "id": "rtbassoc-0aed07f5d9ec53b5a",
                        "attributes": {
                            "id": "rtbassoc-0aed07f5d9ec53b5a",
                            "route_table_id": "rtb-08aacc30a5eda11dd",
                            "subnet_id": "subnet-0523880f405e2d39c"
                        },
                        "meta": {},
                        "tainted": false
                    },
                    "deposed": [],
                    "provider": "provider.aws"
                },
                "aws_route_table_association.main-public-1-a": {
                    "type": "aws_route_table_association",
                    "depends_on": [
                        "aws_route_table.main-public",
                        "aws_subnet.main-public-1"
                    ],
                    "primary": {
                        "id": "rtbassoc-054c89ce43e9155b7",
                        "attributes": {
                            "id": "rtbassoc-054c89ce43e9155b7",
                            "route_table_id": "rtb-0a8b0facc42d6e375",
                            "subnet_id": "subnet-02273ff52b97fb45d"
                        },
                        "meta": {},
                        "tainted": false
                    },
                    "deposed": [],
                    "provider": "provider.aws"
                },
                "aws_security_group.allow-ssh": {
                    "type": "aws_security_group",
                    "depends_on": [
                        "aws_vpc.main"
                    ],
                    "primary": {
                        "id": "sg-03112f8eed9e22fa2",
                        "attributes": {
                            "arn": "arn:aws:ec2:us-east-1:428600689175:security-group/sg-03112f8eed9e22fa2",
                            "description": "security group that allows ssh and all egress traffic",
                            "egress.#": "1",
                            "egress.482069346.cidr_blocks.#": "1",
                            "egress.482069346.cidr_blocks.0": "0.0.0.0/0",
                            "egress.482069346.description": "",
                            "egress.482069346.from_port": "0",
                            "egress.482069346.ipv6_cidr_blocks.#": "0",
                            "egress.482069346.prefix_list_ids.#": "0",
                            "egress.482069346.protocol": "-1",
                            "egress.482069346.security_groups.#": "0",
                            "egress.482069346.self": "false",
                            "egress.482069346.to_port": "0",
                            "id": "sg-03112f8eed9e22fa2",
                            "ingress.#": "3",
                            "ingress.2214680975.cidr_blocks.#": "1",
                            "ingress.2214680975.cidr_blocks.0": "0.0.0.0/0",
                            "ingress.2214680975.description": "",
                            "ingress.2214680975.from_port": "80",
                            "ingress.2214680975.ipv6_cidr_blocks.#": "0",
                            "ingress.2214680975.prefix_list_ids.#": "0",
                            "ingress.2214680975.protocol": "tcp",
                            "ingress.2214680975.security_groups.#": "0",
                            "ingress.2214680975.self": "false",
                            "ingress.2214680975.to_port": "80",
                            "ingress.2541437006.cidr_blocks.#": "1",
                            "ingress.2541437006.cidr_blocks.0": "0.0.0.0/0",
                            "ingress.2541437006.description": "",
                            "ingress.2541437006.from_port": "22",
                            "ingress.2541437006.ipv6_cidr_blocks.#": "0",
                            "ingress.2541437006.prefix_list_ids.#": "0",
                            "ingress.2541437006.protocol": "tcp",
                            "ingress.2541437006.security_groups.#": "0",
                            "ingress.2541437006.self": "false",
                            "ingress.2541437006.to_port": "22",
                            "ingress.482069346.cidr_blocks.#": "1",
                            "ingress.482069346.cidr_blocks.0": "0.0.0.0/0",
                            "ingress.482069346.description": "",
                            "ingress.482069346.from_port": "0",
                            "ingress.482069346.ipv6_cidr_blocks.#": "0",
                            "ingress.482069346.prefix_list_ids.#": "0",
                            "ingress.482069346.protocol": "-1",
                            "ingress.482069346.security_groups.#": "0",
                            "ingress.482069346.self": "false",
                            "ingress.482069346.to_port": "0",
                            "name": "allow-ssh",
                            "owner_id": "428600689175",
                            "revoke_rules_on_delete": "false",
                            "tags.%": "1",
                            "tags.Name": "allow-ssh",
                            "vpc_id": "vpc-09e8d5e2e3cb81083"
                        },
                        "meta": {
                            "e2bfb730-ecaa-11e6-8f88-34363bc7c4c0": {
                                "create": 600000000000,
                                "delete": 600000000000
                            },
                            "schema_version": "1"
                        },
                        "tainted": false
                    },
                    "deposed": [],
                    "provider": "provider.aws"
                },
                "aws_subnet.main-private-1": {
                    "type": "aws_subnet",
                    "depends_on": [
                        "aws_vpc.main"
                    ],
                    "primary": {
                        "id": "subnet-0523880f405e2d39c",
                        "attributes": {
                            "arn": "arn:aws:ec2:us-east-1:428600689175:subnet/subnet-0523880f405e2d39c",
                            "assign_ipv6_address_on_creation": "false",
                            "availability_zone": "us-east-1a",
                            "cidr_block": "172.20.20.0/24",
                            "id": "subnet-0523880f405e2d39c",
                            "map_public_ip_on_launch": "false",
                            "tags.%": "1",
                            "tags.Name": "main-private-1",
                            "vpc_id": "vpc-09e8d5e2e3cb81083"
                        },
                        "meta": {
                            "e2bfb730-ecaa-11e6-8f88-34363bc7c4c0": {
                                "create": 600000000000,
                                "delete": 600000000000
                            },
                            "schema_version": "1"
                        },
                        "tainted": false
                    },
                    "deposed": [],
                    "provider": "provider.aws"
                },
                "aws_subnet.main-public-1": {
                    "type": "aws_subnet",
                    "depends_on": [
                        "aws_vpc.main"
                    ],
                    "primary": {
                        "id": "subnet-02273ff52b97fb45d",
                        "attributes": {
                            "arn": "arn:aws:ec2:us-east-1:428600689175:subnet/subnet-02273ff52b97fb45d",
                            "assign_ipv6_address_on_creation": "false",
                            "availability_zone": "us-east-1a",
                            "cidr_block": "172.20.10.0/24",
                            "id": "subnet-02273ff52b97fb45d",
                            "map_public_ip_on_launch": "true",
                            "tags.%": "1",
                            "tags.Name": "main-public-1",
                            "vpc_id": "vpc-09e8d5e2e3cb81083"
                        },
                        "meta": {
                            "e2bfb730-ecaa-11e6-8f88-34363bc7c4c0": {
                                "create": 600000000000,
                                "delete": 600000000000
                            },
                            "schema_version": "1"
                        },
                        "tainted": false
                    },
                    "deposed": [],
                    "provider": "provider.aws"
                },
                "aws_vpc.main": {
                    "type": "aws_vpc",
                    "depends_on": [],
                    "primary": {
                        "id": "vpc-09e8d5e2e3cb81083",
                        "attributes": {
                            "arn": "arn:aws:ec2:us-east-1:428600689175:vpc/vpc-09e8d5e2e3cb81083",
                            "assign_generated_ipv6_cidr_block": "false",
                            "cidr_block": "172.20.0.0/16",
                            "default_network_acl_id": "acl-0fd14882374e038fa",
                            "default_route_table_id": "rtb-0f3b468c2bfa53efd",
                            "default_security_group_id": "sg-072300f00adb5ccd3",
                            "dhcp_options_id": "dopt-968721ed",
                            "enable_classiclink": "false",
                            "enable_classiclink_dns_support": "false",
                            "enable_dns_hostnames": "true",
                            "enable_dns_support": "true",
                            "id": "vpc-09e8d5e2e3cb81083",
                            "instance_tenancy": "default",
                            "main_route_table_id": "rtb-0f3b468c2bfa53efd",
                            "tags.%": "1",
                            "tags.Name": "main"
                        },
                        "meta": {
                            "schema_version": "1"
                        },
                        "tainted": false
                    },
                    "deposed": [],
                    "provider": "provider.aws"
                },
                "data.template_cloudinit_config.cloudinit-private": {
                    "type": "template_cloudinit_config",
                    "depends_on": [
                        "data.template_file.init-script",
                        "data.template_file.shell-script-prv"
                    ],
                    "primary": {
                        "id": "4188718741",
                        "attributes": {
                            "base64_encode": "false",
                            "gzip": "false",
                            "id": "4188718741",
                            "part.#": "2",
                            "part.0.content": "#cloud-config\nrepo_update: true\nrepo_upgrade: all\n",
                            "part.0.content_type": "text/cloud-config",
                            "part.0.filename": "init.cfg",
                            "part.0.merge_type": "",
                            "part.1.content": "#!/bin/bash\n\nsudo yum -y install https://dl.fedoraproject.org/pub/epel/epel-release-latest-7.noarch.rpm\nsudo yum -y update\n\nsudo yum -y install java-1.8.0-openjdk.x86_64 wget firewalld\n\n#Installing Tomcat 8\nsudo -s \u003c\u003cEOF\ncd /opt\nwget http://mirrors.fibergrid.in/apache/tomcat/tomcat-8/v8.5.34/bin/apache-tomcat-8.5.34.tar.gz\nsudo tar xvfz apache-tomcat-8.5.34.tar.gz\ncd /opt/apache-tomcat-8.5.34/bin\n\nsudo chmod +x *\nsudo ./startup.sh\n\n\n# Install docker\nsudo -s \u003c\u003cEOF\ncd /opt\ncurl -fsSL get.docker.com -o get-docker.sh\nchmod +x get-docker.sh\nsh get-docker.sh\nEOF\n",
                            "part.1.content_type": "text/x-shellscript",
                            "part.1.filename": "",
                            "part.1.merge_type": "",
                            "rendered": "Content-Type: multipart/mixed; boundary=\"MIMEBOUNDARY\"\nMIME-Version: 1.0\r\n\r\n--MIMEBOUNDARY\r\nContent-Disposition: attachment; filename=\"init.cfg\"\r\nContent-Transfer-Encoding: 7bit\r\nContent-Type: text/cloud-config\r\nMime-Version: 1.0\r\n\r\n#cloud-config\nrepo_update: true\nrepo_upgrade: all\n\r\n--MIMEBOUNDARY\r\nContent-Transfer-Encoding: 7bit\r\nContent-Type: text/x-shellscript\r\nMime-Version: 1.0\r\n\r\n#!/bin/bash\n\nsudo yum -y install https://dl.fedoraproject.org/pub/epel/epel-release-latest-7.noarch.rpm\nsudo yum -y update\n\nsudo yum -y install java-1.8.0-openjdk.x86_64 wget firewalld\n\n#Installing Tomcat 8\nsudo -s \u003c\u003cEOF\ncd /opt\nwget http://mirrors.fibergrid.in/apache/tomcat/tomcat-8/v8.5.34/bin/apache-tomcat-8.5.34.tar.gz\nsudo tar xvfz apache-tomcat-8.5.34.tar.gz\ncd /opt/apache-tomcat-8.5.34/bin\n\nsudo chmod +x *\nsudo ./startup.sh\n\n\n# Install docker\nsudo -s \u003c\u003cEOF\ncd /opt\ncurl -fsSL get.docker.com -o get-docker.sh\nchmod +x get-docker.sh\nsh get-docker.sh\nEOF\n\r\n--MIMEBOUNDARY--\r\n"
                        },
                        "meta": {},
                        "tainted": false
                    },
                    "deposed": [],
                    "provider": "provider.template"
                },
                "data.template_cloudinit_config.cloudinit-public": {
                    "type": "template_cloudinit_config",
                    "depends_on": [
                        "data.template_file.init-script",
                        "data.template_file.shell-script-pub"
                    ],
                    "primary": {
                        "id": "1037969777",
                        "attributes": {
                            "base64_encode": "false",
                            "gzip": "false",
                            "id": "1037969777",
                            "part.#": "2",
                            "part.0.content": "#cloud-config\nrepo_update: true\nrepo_upgrade: all\n",
                            "part.0.content_type": "text/cloud-config",
                            "part.0.filename": "init.cfg",
                            "part.0.merge_type": "",
                            "part.1.content": "#!/bin/bash\n\n\nsudo yum -y install  https://dl.fedoraproject.org/pub/epel/epel-release-latest-7.noarch.rpm\nsudo yum -y update\n\n#Installation Jenkins\n\nsudo yum -y install java-1.8.0-openjdk.x86_64 wget firewalld ansible\n\nsudo wget -O /etc/yum.repos.d/jenkins.repo http://pkg.jenkins-ci.org/redhat-stable/jenkins.repo\nsudo rpm --import https://pkg.jenkins.io/redhat-stable/jenkins.io.key\nsudo yum -y install jenkins\n\nsudo systemctl start firewalld\nsudo firewall-cmd --permanent --add-port=8080/tcp\nsudo firewall-cmd --permanent --add-port=80/tcp\nsudo firewall-cmd --reload\nsudo systemctl enable jenkins\n\n# Install Ansible\n#sudo -s \u003c\u003cEOF\n#yum -y install ansible\n#EOF\n",
                            "part.1.content_type": "text/x-shellscript",
                            "part.1.filename": "",
                            "part.1.merge_type": "",
                            "rendered": "Content-Type: multipart/mixed; boundary=\"MIMEBOUNDARY\"\nMIME-Version: 1.0\r\n\r\n--MIMEBOUNDARY\r\nContent-Disposition: attachment; filename=\"init.cfg\"\r\nContent-Transfer-Encoding: 7bit\r\nContent-Type: text/cloud-config\r\nMime-Version: 1.0\r\n\r\n#cloud-config\nrepo_update: true\nrepo_upgrade: all\n\r\n--MIMEBOUNDARY\r\nContent-Transfer-Encoding: 7bit\r\nContent-Type: text/x-shellscript\r\nMime-Version: 1.0\r\n\r\n#!/bin/bash\n\n\nsudo yum -y install  https://dl.fedoraproject.org/pub/epel/epel-release-latest-7.noarch.rpm\nsudo yum -y update\n\n#Installation Jenkins\n\nsudo yum -y install java-1.8.0-openjdk.x86_64 wget firewalld ansible\n\nsudo wget -O /etc/yum.repos.d/jenkins.repo http://pkg.jenkins-ci.org/redhat-stable/jenkins.repo\nsudo rpm --import https://pkg.jenkins.io/redhat-stable/jenkins.io.key\nsudo yum -y install jenkins\n\nsudo systemctl start firewalld\nsudo firewall-cmd --permanent --add-port=8080/tcp\nsudo firewall-cmd --permanent --add-port=80/tcp\nsudo firewall-cmd --reload\nsudo systemctl enable jenkins\n\n# Install Ansible\n#sudo -s \u003c\u003cEOF\n#yum -y install ansible\n#EOF\n\r\n--MIMEBOUNDARY--\r\n"
                        },
                        "meta": {},
                        "tainted": false
                    },
                    "deposed": [],
                    "provider": "provider.template"
                },
                "data.template_file.init-script": {
                    "type": "template_file",
                    "depends_on": [],
                    "primary": {
                        "id": "da5ce2b8e7c2c6ab3bf5ccc507e7104f926ed5aa88deca4276c8e6f4c50e900f",
                        "attributes": {
                            "id": "da5ce2b8e7c2c6ab3bf5ccc507e7104f926ed5aa88deca4276c8e6f4c50e900f",
                            "rendered": "#cloud-config\nrepo_update: true\nrepo_upgrade: all\n",
                            "template": "#cloud-config\nrepo_update: true\nrepo_upgrade: all\n",
                            "vars.%": "1",
                            "vars.REGION": "us-east-1"
                        },
                        "meta": {},
                        "tainted": false
                    },
                    "deposed": [],
                    "provider": "provider.template"
                },
                "data.template_file.shell-script-prv": {
                    "type": "template_file",
                    "depends_on": [],
                    "primary": {
                        "id": "2334425d5bd0b44b0515669298c52c32922b740c257affc7ebb219a9b11dae00",
                        "attributes": {
                            "id": "2334425d5bd0b44b0515669298c52c32922b740c257affc7ebb219a9b11dae00",
                            "rendered": "#!/bin/bash\n\nsudo yum -y install https://dl.fedoraproject.org/pub/epel/epel-release-latest-7.noarch.rpm\nsudo yum -y update\n\nsudo yum -y install java-1.8.0-openjdk.x86_64 wget firewalld\n\n#Installing Tomcat 8\nsudo -s \u003c\u003cEOF\ncd /opt\nwget http://mirrors.fibergrid.in/apache/tomcat/tomcat-8/v8.5.34/bin/apache-tomcat-8.5.34.tar.gz\nsudo tar xvfz apache-tomcat-8.5.34.tar.gz\ncd /opt/apache-tomcat-8.5.34/bin\n\nsudo chmod +x *\nsudo ./startup.sh\n\n\n# Install docker\nsudo -s \u003c\u003cEOF\ncd /opt\ncurl -fsSL get.docker.com -o get-docker.sh\nchmod +x get-docker.sh\nsh get-docker.sh\nEOF\n",
                            "template": "#!/bin/bash\n\nsudo yum -y install https://dl.fedoraproject.org/pub/epel/epel-release-latest-7.noarch.rpm\nsudo yum -y update\n\nsudo yum -y install java-1.8.0-openjdk.x86_64 wget firewalld\n\n#Installing Tomcat 8\nsudo -s \u003c\u003cEOF\ncd /opt\nwget http://mirrors.fibergrid.in/apache/tomcat/tomcat-8/v8.5.34/bin/apache-tomcat-8.5.34.tar.gz\nsudo tar xvfz apache-tomcat-8.5.34.tar.gz\ncd /opt/apache-tomcat-8.5.34/bin\n\nsudo chmod +x *\nsudo ./startup.sh\n\n\n# Install docker\nsudo -s \u003c\u003cEOF\ncd /opt\ncurl -fsSL get.docker.com -o get-docker.sh\nchmod +x get-docker.sh\nsh get-docker.sh\nEOF\n"
                        },
                        "meta": {},
                        "tainted": false
                    },
                    "deposed": [],
                    "provider": "provider.template"
                },
                "data.template_file.shell-script-pub": {
                    "type": "template_file",
                    "depends_on": [],
                    "primary": {
                        "id": "75d79475ab709265994045aaac12edfd9b0615620ed8954bee489097bbb9747b",
                        "attributes": {
                            "id": "75d79475ab709265994045aaac12edfd9b0615620ed8954bee489097bbb9747b",
                            "rendered": "#!/bin/bash\n\n\nsudo yum -y install  https://dl.fedoraproject.org/pub/epel/epel-release-latest-7.noarch.rpm\nsudo yum -y update\n\n#Installation Jenkins\n\nsudo yum -y install java-1.8.0-openjdk.x86_64 wget firewalld ansible\n\nsudo wget -O /etc/yum.repos.d/jenkins.repo http://pkg.jenkins-ci.org/redhat-stable/jenkins.repo\nsudo rpm --import https://pkg.jenkins.io/redhat-stable/jenkins.io.key\nsudo yum -y install jenkins\n\nsudo systemctl start firewalld\nsudo firewall-cmd --permanent --add-port=8080/tcp\nsudo firewall-cmd --permanent --add-port=80/tcp\nsudo firewall-cmd --reload\nsudo systemctl enable jenkins\n\n# Install Ansible\n#sudo -s \u003c\u003cEOF\n#yum -y install ansible\n#EOF\n",
                            "template": "#!/bin/bash\n\n\nsudo yum -y install  https://dl.fedoraproject.org/pub/epel/epel-release-latest-7.noarch.rpm\nsudo yum -y update\n\n#Installation Jenkins\n\nsudo yum -y install java-1.8.0-openjdk.x86_64 wget firewalld ansible\n\nsudo wget -O /etc/yum.repos.d/jenkins.repo http://pkg.jenkins-ci.org/redhat-stable/jenkins.repo\nsudo rpm --import https://pkg.jenkins.io/redhat-stable/jenkins.io.key\nsudo yum -y install jenkins\n\nsudo systemctl start firewalld\nsudo firewall-cmd --permanent --add-port=8080/tcp\nsudo firewall-cmd --permanent --add-port=80/tcp\nsudo firewall-cmd --reload\nsudo systemctl enable jenkins\n\n# Install Ansible\n#sudo -s \u003c\u003cEOF\n#yum -y install ansible\n#EOF\n"
                        },
                        "meta": {},
                        "tainted": false
                    },
                    "deposed": [],
                    "provider": "provider.template"
                }
            },
            "depends_on": []
        }
    ]
}
